// !$*UTF8*$!
{
	archiveVersion = 1;
	classes = {
	};
	objectVersion = 56;
	objects = {

/* Begin PBXBuildFile section */
		920FB953291AE71B0026F347 /* Message.swift in Sources */ = {isa = PBXBuildFile; fileRef = 920FB952291AE71B0026F347 /* Message.swift */; };
		920FB955291AE86D0026F347 /* Room.swift in Sources */ = {isa = PBXBuildFile; fileRef = 920FB954291AE86D0026F347 /* Room.swift */; };
		920FB957291AE96F0026F347 /* RoomManager.swift in Sources */ = {isa = PBXBuildFile; fileRef = 920FB956291AE96F0026F347 /* RoomManager.swift */; };
		920FB95A291AFEB90026F347 /* User.swift in Sources */ = {isa = PBXBuildFile; fileRef = 920FB959291AFEB90026F347 /* User.swift */; };
		920FB95C291AFF250026F347 /* UserManager.swift in Sources */ = {isa = PBXBuildFile; fileRef = 920FB95B291AFF250026F347 /* UserManager.swift */; };
		9211CC6F29215DC300066E81 /* RoomViewController.swift in Sources */ = {isa = PBXBuildFile; fileRef = 9211CC6D29215DC300066E81 /* RoomViewController.swift */; };
		9211CC7029215DC300066E81 /* RoomView.xib in Resources */ = {isa = PBXBuildFile; fileRef = 9211CC6E29215DC300066E81 /* RoomView.xib */; };
		922883AA291ACA9F00A79E3D /* AppDelegate.swift in Sources */ = {isa = PBXBuildFile; fileRef = 922883A9291ACA9F00A79E3D /* AppDelegate.swift */; };
		922883AC291ACA9F00A79E3D /* SceneDelegate.swift in Sources */ = {isa = PBXBuildFile; fileRef = 922883AB291ACA9F00A79E3D /* SceneDelegate.swift */; };
		922883AE291ACA9F00A79E3D /* ViewController.swift in Sources */ = {isa = PBXBuildFile; fileRef = 922883AD291ACA9F00A79E3D /* ViewController.swift */; };
		922883B1291ACA9F00A79E3D /* Main.storyboard in Resources */ = {isa = PBXBuildFile; fileRef = 922883AF291ACA9F00A79E3D /* Main.storyboard */; };
		922883B3291ACAA900A79E3D /* Assets.xcassets in Resources */ = {isa = PBXBuildFile; fileRef = 922883B2291ACAA900A79E3D /* Assets.xcassets */; };
		922883B6291ACAA900A79E3D /* LaunchScreen.storyboard in Resources */ = {isa = PBXBuildFile; fileRef = 922883B4291ACAA900A79E3D /* LaunchScreen.storyboard */; };
		92565ED9291AD0720037FC13 /* HomeViewController.swift in Sources */ = {isa = PBXBuildFile; fileRef = 92565ED8291AD0720037FC13 /* HomeViewController.swift */; };
		926D06A2291C21BA006B9F81 /* SettingsViewController.swift in Sources */ = {isa = PBXBuildFile; fileRef = 926D06A1291C21BA006B9F81 /* SettingsViewController.swift */; };
/* End PBXBuildFile section */

/* Begin PBXFileReference section */
		920FB952291AE71B0026F347 /* Message.swift */ = {isa = PBXFileReference; lastKnownFileType = sourcecode.swift; path = Message.swift; sourceTree = "<group>"; };
		920FB954291AE86D0026F347 /* Room.swift */ = {isa = PBXFileReference; lastKnownFileType = sourcecode.swift; path = Room.swift; sourceTree = "<group>"; };
		920FB956291AE96F0026F347 /* RoomManager.swift */ = {isa = PBXFileReference; lastKnownFileType = sourcecode.swift; path = RoomManager.swift; sourceTree = "<group>"; };
		920FB959291AFEB90026F347 /* User.swift */ = {isa = PBXFileReference; lastKnownFileType = sourcecode.swift; path = User.swift; sourceTree = "<group>"; };
		920FB95B291AFF250026F347 /* UserManager.swift */ = {isa = PBXFileReference; lastKnownFileType = sourcecode.swift; path = UserManager.swift; sourceTree = "<group>"; };
		9211CC6D29215DC300066E81 /* RoomViewController.swift */ = {isa = PBXFileReference; lastKnownFileType = sourcecode.swift; path = RoomViewController.swift; sourceTree = "<group>"; };
		9211CC6E29215DC300066E81 /* RoomView.xib */ = {isa = PBXFileReference; lastKnownFileType = file.xib; path = RoomView.xib; sourceTree = "<group>"; };
		922883A6291ACA9F00A79E3D /* CodeacademyChat.app */ = {isa = PBXFileReference; explicitFileType = wrapper.application; includeInIndex = 0; path = CodeacademyChat.app; sourceTree = BUILT_PRODUCTS_DIR; };
		922883A9291ACA9F00A79E3D /* AppDelegate.swift */ = {isa = PBXFileReference; lastKnownFileType = sourcecode.swift; path = AppDelegate.swift; sourceTree = "<group>"; };
		922883AB291ACA9F00A79E3D /* SceneDelegate.swift */ = {isa = PBXFileReference; lastKnownFileType = sourcecode.swift; path = SceneDelegate.swift; sourceTree = "<group>"; };
		922883AD291ACA9F00A79E3D /* ViewController.swift */ = {isa = PBXFileReference; lastKnownFileType = sourcecode.swift; path = ViewController.swift; sourceTree = "<group>"; };
		922883B0291ACA9F00A79E3D /* Base */ = {isa = PBXFileReference; lastKnownFileType = file.storyboard; name = Base; path = Base.lproj/Main.storyboard; sourceTree = "<group>"; };
		922883B2291ACAA900A79E3D /* Assets.xcassets */ = {isa = PBXFileReference; lastKnownFileType = folder.assetcatalog; path = Assets.xcassets; sourceTree = "<group>"; };
		922883B5291ACAA900A79E3D /* Base */ = {isa = PBXFileReference; lastKnownFileType = file.storyboard; name = Base; path = Base.lproj/LaunchScreen.storyboard; sourceTree = "<group>"; };
		922883B7291ACAA900A79E3D /* Info.plist */ = {isa = PBXFileReference; lastKnownFileType = text.plist.xml; path = Info.plist; sourceTree = "<group>"; };
		92292C07292A89E300CA6C54 /* MARKS.md */ = {isa = PBXFileReference; lastKnownFileType = net.daringfireball.markdown; path = MARKS.md; sourceTree = "<group>"; };
		92565ED8291AD0720037FC13 /* HomeViewController.swift */ = {isa = PBXFileReference; lastKnownFileType = sourcecode.swift; path = HomeViewController.swift; sourceTree = "<group>"; };
		926D06A1291C21BA006B9F81 /* SettingsViewController.swift */ = {isa = PBXFileReference; lastKnownFileType = sourcecode.swift; path = SettingsViewController.swift; sourceTree = "<group>"; };
/* End PBXFileReference section */

/* Begin PBXFrameworksBuildPhase section */
		922883A3291ACA9F00A79E3D /* Frameworks */ = {
			isa = PBXFrameworksBuildPhase;
			buildActionMask = 2147483647;
			files = (
			);
			runOnlyForDeploymentPostprocessing = 0;
		};
/* End PBXFrameworksBuildPhase section */

/* Begin PBXGroup section */
		920FB958291AFE640026F347 /* Classes */ = {
			isa = PBXGroup;
			children = (
				92292C06292A88C500CA6C54 /* Message */,
				92292C05292A88AD00CA6C54 /* User */,
				92292C04292A889300CA6C54 /* Room */,
			);
			path = Classes;
			sourceTree = "<group>";
		};
		9228839D291ACA9F00A79E3D = {
			isa = PBXGroup;
			children = (
				922883A8291ACA9F00A79E3D /* CodeacademyChat */,
				922883A7291ACA9F00A79E3D /* Products */,
			);
			sourceTree = "<group>";
		};
		922883A7291ACA9F00A79E3D /* Products */ = {
			isa = PBXGroup;
			children = (
				922883A6291ACA9F00A79E3D /* CodeacademyChat.app */,
			);
			name = Products;
			sourceTree = "<group>";
		};
		922883A8291ACA9F00A79E3D /* CodeacademyChat */ = {
			isa = PBXGroup;
			children = (
				92292C03292A879F00CA6C54 /* ViewControllers */,
				92292C02292A872100CA6C54 /* UI */,
				920FB958291AFE640026F347 /* Classes */,
				922883A9291ACA9F00A79E3D /* AppDelegate.swift */,
				922883AB291ACA9F00A79E3D /* SceneDelegate.swift */,
				922883B4291ACAA900A79E3D /* LaunchScreen.storyboard */,
				922883B7291ACAA900A79E3D /* Info.plist */,
				922883B2291ACAA900A79E3D /* Assets.xcassets */,
				92292C07292A89E300CA6C54 /* MARKS.md */,
			);
			path = CodeacademyChat;
			sourceTree = "<group>";
		};
		92292C02292A872100CA6C54 /* UI */ = {
			isa = PBXGroup;
			children = (
				9211CC6E29215DC300066E81 /* RoomView.xib */,
				922883AF291ACA9F00A79E3D /* Main.storyboard */,
			);
			path = UI;
			sourceTree = "<group>";
		};
		92292C03292A879F00CA6C54 /* ViewControllers */ = {
			isa = PBXGroup;
			children = (
				92565ED8291AD0720037FC13 /* HomeViewController.swift */,
				922883AD291ACA9F00A79E3D /* ViewController.swift */,
				926D06A1291C21BA006B9F81 /* SettingsViewController.swift */,
				9211CC6D29215DC300066E81 /* RoomViewController.swift */,
			);
			path = ViewControllers;
			sourceTree = "<group>";
		};
		92292C04292A889300CA6C54 /* Room */ = {
			isa = PBXGroup;
			children = (
				920FB954291AE86D0026F347 /* Room.swift */,
				920FB956291AE96F0026F347 /* RoomManager.swift */,
			);
			path = Room;
			sourceTree = "<group>";
		};
		92292C05292A88AD00CA6C54 /* User */ = {
			isa = PBXGroup;
			children = (
				920FB95B291AFF250026F347 /* UserManager.swift */,
				920FB959291AFEB90026F347 /* User.swift */,
			);
			path = User;
			sourceTree = "<group>";
		};
		92292C06292A88C500CA6C54 /* Message */ = {
			isa = PBXGroup;
			children = (
				920FB952291AE71B0026F347 /* Message.swift */,
			);
			path = Message;
			sourceTree = "<group>";
		};
/* End PBXGroup section */

/* Begin PBXNativeTarget section */
		922883A5291ACA9F00A79E3D /* CodeacademyChat */ = {
			isa = PBXNativeTarget;
			buildConfigurationList = 922883BA291ACAA900A79E3D /* Build configuration list for PBXNativeTarget "CodeacademyChat" */;
			buildPhases = (
				922883A2291ACA9F00A79E3D /* Sources */,
				922883A3291ACA9F00A79E3D /* Frameworks */,
				922883A4291ACA9F00A79E3D /* Resources */,
			);
			buildRules = (
			);
			dependencies = (
			);
			name = CodeacademyChat;
			productName = CodeacademyChat;
			productReference = 922883A6291ACA9F00A79E3D /* CodeacademyChat.app */;
			productType = "com.apple.product-type.application";
		};
/* End PBXNativeTarget section */

/* Begin PBXProject section */
		9228839E291ACA9F00A79E3D /* Project object */ = {
			isa = PBXProject;
			attributes = {
				BuildIndependentTargetsInParallel = 1;
				LastSwiftUpdateCheck = 1410;
				LastUpgradeCheck = 1410;
				TargetAttributes = {
					922883A5291ACA9F00A79E3D = {
						CreatedOnToolsVersion = 14.1;
					};
				};
			};
			buildConfigurationList = 922883A1291ACA9F00A79E3D /* Build configuration list for PBXProject "CodeacademyChat" */;
			compatibilityVersion = "Xcode 14.0";
			developmentRegion = en;
			hasScannedForEncodings = 0;
			knownRegions = (
				en,
				Base,
			);
			mainGroup = 9228839D291ACA9F00A79E3D;
			productRefGroup = 922883A7291ACA9F00A79E3D /* Products */;
			projectDirPath = "";
			projectRoot = "";
			targets = (
				922883A5291ACA9F00A79E3D /* CodeacademyChat */,
			);
		};
/* End PBXProject section */

/* Begin PBXResourcesBuildPhase section */
		922883A4291ACA9F00A79E3D /* Resources */ = {
			isa = PBXResourcesBuildPhase;
			buildActionMask = 2147483647;
			files = (
				922883B6291ACAA900A79E3D /* LaunchScreen.storyboard in Resources */,
				922883B3291ACAA900A79E3D /* Assets.xcassets in Resources */,
				922883B1291ACA9F00A79E3D /* Main.storyboard in Resources */,
				9211CC7029215DC300066E81 /* RoomView.xib in Resources */,
			);
			runOnlyForDeploymentPostprocessing = 0;
		};
/* End PBXResourcesBuildPhase section */

/* Begin PBXSourcesBuildPhase section */
		922883A2291ACA9F00A79E3D /* Sources */ = {
			isa = PBXSourcesBuildPhase;
			buildActionMask = 2147483647;
			files = (
				920FB95C291AFF250026F347 /* UserManager.swift in Sources */,
				922883AE291ACA9F00A79E3D /* ViewController.swift in Sources */,
				920FB957291AE96F0026F347 /* RoomManager.swift in Sources */,
				926D06A2291C21BA006B9F81 /* SettingsViewController.swift in Sources */,
				922883AA291ACA9F00A79E3D /* AppDelegate.swift in Sources */,
				920FB955291AE86D0026F347 /* Room.swift in Sources */,
				9211CC6F29215DC300066E81 /* RoomViewController.swift in Sources */,
				920FB95A291AFEB90026F347 /* User.swift in Sources */,
				920FB953291AE71B0026F347 /* Message.swift in Sources */,
				922883AC291ACA9F00A79E3D /* SceneDelegate.swift in Sources */,
				92565ED9291AD0720037FC13 /* HomeViewController.swift in Sources */,
			);
			runOnlyForDeploymentPostprocessing = 0;
		};
/* End PBXSourcesBuildPhase section */

/* Begin PBXVariantGroup section */
		922883AF291ACA9F00A79E3D /* Main.storyboard */ = {
			isa = PBXVariantGroup;
			children = (
				922883B0291ACA9F00A79E3D /* Base */,
			);
			name = Main.storyboard;
			sourceTree = "<group>";
		};
		922883B4291ACAA900A79E3D /* LaunchScreen.storyboard */ = {
			isa = PBXVariantGroup;
			children = (
				922883B5291ACAA900A79E3D /* Base */,
			);
			name = LaunchScreen.storyboard;
			sourceTree = "<group>";
		};
/* End PBXVariantGroup section */

/* Begin XCBuildConfiguration section */
		922883B8291ACAA900A79E3D /* Debug */ = {
			isa = XCBuildConfiguration;
			buildSettings = {
				ALWAYS_SEARCH_USER_PATHS = NO;
				CLANG_ANALYZER_NONNULL = YES;
				CLANG_ANALYZER_NUMBER_OBJECT_CONVERSION = YES_AGGRESSIVE;
				CLANG_CXX_LANGUAGE_STANDARD = "gnu++20";
				CLANG_ENABLE_MODULES = YES;
				CLANG_ENABLE_OBJC_ARC = YES;
				CLANG_ENABLE_OBJC_WEAK = YES;
				CLANG_WARN_BLOCK_CAPTURE_AUTORELEASING = YES;
				CLANG_WARN_BOOL_CONVERSION = YES;
				CLANG_WARN_COMMA = YES;
				CLANG_WARN_CONSTANT_CONVERSION = YES;
				CLANG_WARN_DEPRECATED_OBJC_IMPLEMENTATIONS = YES;
				CLANG_WARN_DIRECT_OBJC_ISA_USAGE = YES_ERROR;
				CLANG_WARN_DOCUMENTATION_COMMENTS = YES;
				CLANG_WARN_EMPTY_BODY = YES;
				CLANG_WARN_ENUM_CONVERSION = YES;
				CLANG_WARN_INFINITE_RECURSION = YES;
				CLANG_WARN_INT_CONVERSION = YES;
				CLANG_WARN_NON_LITERAL_NULL_CONVERSION = YES;
				CLANG_WARN_OBJC_IMPLICIT_RETAIN_SELF = YES;
				CLANG_WARN_OBJC_LITERAL_CONVERSION = YES;
				CLANG_WARN_OBJC_ROOT_CLASS = YES_ERROR;
				CLANG_WARN_QUOTED_INCLUDE_IN_FRAMEWORK_HEADER = YES;
				CLANG_WARN_RANGE_LOOP_ANALYSIS = YES;
				CLANG_WARN_STRICT_PROTOTYPES = YES;
				CLANG_WARN_SUSPICIOUS_MOVE = YES;
				CLANG_WARN_UNGUARDED_AVAILABILITY = YES_AGGRESSIVE;
				CLANG_WARN_UNREACHABLE_CODE = YES;
				CLANG_WARN__DUPLICATE_METHOD_MATCH = YES;
				COPY_PHASE_STRIP = NO;
				DEBUG_INFORMATION_FORMAT = dwarf;
				ENABLE_STRICT_OBJC_MSGSEND = YES;
				ENABLE_TESTABILITY = YES;
				GCC_C_LANGUAGE_STANDARD = gnu11;
				GCC_DYNAMIC_NO_PIC = NO;
				GCC_NO_COMMON_BLOCKS = YES;
				GCC_OPTIMIZATION_LEVEL = 0;
				GCC_PREPROCESSOR_DEFINITIONS = (
					"DEBUG=1",
					"$(inherited)",
				);
				GCC_WARN_64_TO_32_BIT_CONVERSION = YES;
				GCC_WARN_ABOUT_RETURN_TYPE = YES_ERROR;
				GCC_WARN_UNDECLARED_SELECTOR = YES;
				GCC_WARN_UNINITIALIZED_AUTOS = YES_AGGRESSIVE;
				GCC_WARN_UNUSED_FUNCTION = YES;
				GCC_WARN_UNUSED_VARIABLE = YES;
				IPHONEOS_DEPLOYMENT_TARGET = 16.1;
				MTL_ENABLE_DEBUG_INFO = INCLUDE_SOURCE;
				MTL_FAST_MATH = YES;
				ONLY_ACTIVE_ARCH = YES;
				SDKROOT = iphoneos;
				SWIFT_ACTIVE_COMPILATION_CONDITIONS = DEBUG;
				SWIFT_OPTIMIZATION_LEVEL = "-Onone";
			};
			name = Debug;
		};
		922883B9291ACAA900A79E3D /* Release */ = {
			isa = XCBuildConfiguration;
			buildSettings = {
				ALWAYS_SEARCH_USER_PATHS = NO;
				CLANG_ANALYZER_NONNULL = YES;
				CLANG_ANALYZER_NUMBER_OBJECT_CONVERSION = YES_AGGRESSIVE;
				CLANG_CXX_LANGUAGE_STANDARD = "gnu++20";
				CLANG_ENABLE_MODULES = YES;
				CLANG_ENABLE_OBJC_ARC = YES;
				CLANG_ENABLE_OBJC_WEAK = YES;
				CLANG_WARN_BLOCK_CAPTURE_AUTORELEASING = YES;
				CLANG_WARN_BOOL_CONVERSION = YES;
				CLANG_WARN_COMMA = YES;
				CLANG_WARN_CONSTANT_CONVERSION = YES;
				CLANG_WARN_DEPRECATED_OBJC_IMPLEMENTATIONS = YES;
				CLANG_WARN_DIRECT_OBJC_ISA_USAGE = YES_ERROR;
				CLANG_WARN_DOCUMENTATION_COMMENTS = YES;
				CLANG_WARN_EMPTY_BODY = YES;
				CLANG_WARN_ENUM_CONVERSION = YES;
				CLANG_WARN_INFINITE_RECURSION = YES;
				CLANG_WARN_INT_CONVERSION = YES;
				CLANG_WARN_NON_LITERAL_NULL_CONVERSION = YES;
				CLANG_WARN_OBJC_IMPLICIT_RETAIN_SELF = YES;
				CLANG_WARN_OBJC_LITERAL_CONVERSION = YES;
				CLANG_WARN_OBJC_ROOT_CLASS = YES_ERROR;
				CLANG_WARN_QUOTED_INCLUDE_IN_FRAMEWORK_HEADER = YES;
				CLANG_WARN_RANGE_LOOP_ANALYSIS = YES;
				CLANG_WARN_STRICT_PROTOTYPES = YES;
				CLANG_WARN_SUSPICIOUS_MOVE = YES;
				CLANG_WARN_UNGUARDED_AVAILABILITY = YES_AGGRESSIVE;
				CLANG_WARN_UNREACHABLE_CODE = YES;
				CLANG_WARN__DUPLICATE_METHOD_MATCH = YES;
				COPY_PHASE_STRIP = NO;
				DEBUG_INFORMATION_FORMAT = "dwarf-with-dsym";
				ENABLE_NS_ASSERTIONS = NO;
				ENABLE_STRICT_OBJC_MSGSEND = YES;
				GCC_C_LANGUAGE_STANDARD = gnu11;
				GCC_NO_COMMON_BLOCKS = YES;
				GCC_WARN_64_TO_32_BIT_CONVERSION = YES;
				GCC_WARN_ABOUT_RETURN_TYPE = YES_ERROR;
				GCC_WARN_UNDECLARED_SELECTOR = YES;
				GCC_WARN_UNINITIALIZED_AUTOS = YES_AGGRESSIVE;
				GCC_WARN_UNUSED_FUNCTION = YES;
				GCC_WARN_UNUSED_VARIABLE = YES;
				IPHONEOS_DEPLOYMENT_TARGET = 16.1;
				MTL_ENABLE_DEBUG_INFO = NO;
				MTL_FAST_MATH = YES;
				SDKROOT = iphoneos;
				SWIFT_COMPILATION_MODE = wholemodule;
				SWIFT_OPTIMIZATION_LEVEL = "-O";
				VALIDATE_PRODUCT = YES;
			};
			name = Release;
		};
		922883BB291ACAA900A79E3D /* Debug */ = {
			isa = XCBuildConfiguration;
			buildSettings = {
				ASSETCATALOG_COMPILER_APPICON_NAME = AppIcon;
				ASSETCATALOG_COMPILER_GLOBAL_ACCENT_COLOR_NAME = AccentColor;
				CODE_SIGN_STYLE = Automatic;
				CURRENT_PROJECT_VERSION = 1;
				GENERATE_INFOPLIST_FILE = YES;
				INFOPLIST_FILE = CodeacademyChat/Info.plist;
				INFOPLIST_KEY_UIApplicationSupportsIndirectInputEvents = YES;
				INFOPLIST_KEY_UILaunchStoryboardName = LaunchScreen;
				INFOPLIST_KEY_UIMainStoryboardFile = Main;
				INFOPLIST_KEY_UISupportedInterfaceOrientations_iPad = "UIInterfaceOrientationPortrait UIInterfaceOrientationPortraitUpsideDown UIInterfaceOrientationLandscapeLeft UIInterfaceOrientationLandscapeRight";
				INFOPLIST_KEY_UISupportedInterfaceOrientations_iPhone = "UIInterfaceOrientationPortrait UIInterfaceOrientationLandscapeLeft UIInterfaceOrientationLandscapeRight";
				LD_RUNPATH_SEARCH_PATHS = (
					"$(inherited)",
					"@executable_path/Frameworks",
				);
				MARKETING_VERSION = 1.0;
				PRODUCT_BUNDLE_IDENTIFIER = com.rero.CodeacademyChat;
				PRODUCT_NAME = "$(TARGET_NAME)";
				SWIFT_EMIT_LOC_STRINGS = YES;
				SWIFT_VERSION = 5.0;
				TARGETED_DEVICE_FAMILY = "1,2";
			};
			name = Debug;
		};
		922883BC291ACAA900A79E3D /* Release */ = {
			isa = XCBuildConfiguration;
			buildSettings = {
				ASSETCATALOG_COMPILER_APPICON_NAME = AppIcon;
				ASSETCATALOG_COMPILER_GLOBAL_ACCENT_COLOR_NAME = AccentColor;
				CODE_SIGN_STYLE = Automatic;
				CURRENT_PROJECT_VERSION = 1;
				GENERATE_INFOPLIST_FILE = YES;
				INFOPLIST_FILE = CodeacademyChat/Info.plist;
				INFOPLIST_KEY_UIApplicationSupportsIndirectInputEvents = YES;
				INFOPLIST_KEY_UILaunchStoryboardName = LaunchScreen;
				INFOPLIST_KEY_UIMainStoryboardFile = Main;
				INFOPLIST_KEY_UISupportedInterfaceOrientations_iPad = "UIInterfaceOrientationPortrait UIInterfaceOrientationPortraitUpsideDown UIInterfaceOrientationLandscapeLeft UIInterfaceOrientationLandscapeRight";
				INFOPLIST_KEY_UISupportedInterfaceOrientations_iPhone = "UIInterfaceOrientationPortrait UIInterfaceOrientationLandscapeLeft UIInterfaceOrientationLandscapeRight";
				LD_RUNPATH_SEARCH_PATHS = (
					"$(inherited)",
					"@executable_path/Frameworks",
				);
				MARKETING_VERSION = 1.0;
				PRODUCT_BUNDLE_IDENTIFIER = com.rero.CodeacademyChat;
				PRODUCT_NAME = "$(TARGET_NAME)";
				SWIFT_EMIT_LOC_STRINGS = YES;
				SWIFT_VERSION = 5.0;
				TARGETED_DEVICE_FAMILY = "1,2";
			};
			name = Release;
		};
/* End XCBuildConfiguration section */

/* Begin XCConfigurationList section */
		922883A1291ACA9F00A79E3D /* Build configuration list for PBXProject "CodeacademyChat" */ = {
			isa = XCConfigurationList;
			buildConfigurations = (
				922883B8291ACAA900A79E3D /* Debug */,
				922883B9291ACAA900A79E3D /* Release */,
			);
			defaultConfigurationIsVisible = 0;
			defaultConfigurationName = Release;
		};
		922883BA291ACAA900A79E3D /* Build configuration list for PBXNativeTarget "CodeacademyChat" */ = {
			isa = XCConfigurationList;
			buildConfigurations = (
				922883BB291ACAA900A79E3D /* Debug */,
				922883BC291ACAA900A79E3D /* Release */,
			);
			defaultConfigurationIsVisible = 0;
			defaultConfigurationName = Release;
		};
/* End XCConfigurationList section */
	};
	rootObject = 9228839E291ACA9F00A79E3D /* Project object */;
}
